
Microsoft Visual Studio Solution File, Format Version 12.00
# Visual Studio Version 17
VisualStudioVersion = 17.5.33530.505
MinimumVisualStudioVersion = 10.0.40219.1
Project("{8BC9CEB8-8B4A-11D0-8D11-00A0C91BC942}") = "Mario", "Mario\Mario.vcxproj", "{B747DA22-F9FF-4F24-9378-584E6D195D52}"
EndProject
Global
	GlobalSection(SolutionConfigurationPlatforms) = preSolution
		Debug|x64 = Debug|x64
		Debug|x86 = Debug|x86
		Release|x64 = Release|x64
		Release|x86 = Release|x86
	EndGlobalSection
	GlobalSection(ProjectConfigurationPlatforms) = postSolution
		{B747DA22-F9FF-4F24-9378-584E6D195D52}.Debug|x64.ActiveCfg = Debug|x64
		{B747DA22-F9FF-4F24-9378-584E6D195D52}.Debug|x64.Build.0 = Debug|x64
		{B747DA22-F9FF-4F24-9378-584E6D195D52}.Debug|x86.ActiveCfg = Debug|Win32
		{B747DA22-F9FF-4F24-9378-584E6D195D52}.Debug|x86.Build.0 = Debug|Win32
		{B747DA22-F9FF-4F24-9378-584E6D195D52}.Release|x64.ActiveCfg = Release|x64
		{B747DA22-F9FF-4F24-9378-584E6D195D52}.Release|x64.Build.0 = Release|x64
		{B747DA22-F9FF-4F24-9378-584E6D195D52}.Release|x86.ActiveCfg = Release|Win32
		{B747DA22-F9FF-4F24-9378-584E6D195D52}.Release|x86.Build.0 = Release|Win32
	EndGlobalSection
	GlobalSection(SolutionProperties) = preSolution
		HideSolutionNode = FALSE
	EndGlobalSection
	GlobalSection(ExtensibilityGlobals) = postSolution
		SolutionGuid = {39DF803D-1ED8-4B7C-856E-570AFDF843F8}
	EndGlobalSection
EndGlobal
